github.com/markcheno/go-quote v0.0.0-20211116021555-bb34b59a97eb h1:8t/gRglnCXSJOk4Gn6sdsg7UqZ2xRVc6ExTLtL4icJk=
github.com/markcheno/go-quote v0.0.0-20211116021555-bb34b59a97eb/go.mod h1:8S5wsUbzcx2if4P7ZNTN40jtPSpy7WFggxdp8JRU554=
github.com/markcheno/go-talib v0.0.0-20190307022042-cd53a9264d70 h1:+iG37/Aw61Oc+ZJ4DSxQF2+K0e4ZiMidI7ytWuW4/cI=
github.com/markcheno/go-talib v0.0.0-20190307022042-cd53a9264d70/go.mod h1:xsYvOKWtDWoDV0kdN3U8tYZ4lVrhjqf64cJRzR4ScTI=
github.com/mattn/go-sqlite3 v1.14.9 h1:10HX2Td0ocZpYEjhilsuo6WWtUqttj2Kb0KtD86/KYA=
github.com/mattn/go-sqlite3 v1.14.9/go.mod h1:NyWgC/yNuGj7Q9rpYnZvas74GogHl5/Z4A/KQRfk6bU=
